
Microsoft Visual Studio Solution File, Format Version 12.00
# Visual Studio Version 17
VisualStudioVersion = 17.1.32210.238
MinimumVisualStudioVersion = 10.0.40219.1
Project("{FAE04EC0-301F-11D3-BF4B-00C04F79EFBC}") = "DAL", "DAL\DAL.csproj", "{46047431-3B6B-4BBE-9F03-D921816593C1}"
EndProject
Project("{FAE04EC0-301F-11D3-BF4B-00C04F79EFBC}") = "AppServiceLayer", "AppServiceLayer\AppServiceLayer.csproj", "{600FCD33-44BF-4D15-B977-FF65756DDA6B}"
EndProject
Project("{FAE04EC0-301F-11D3-BF4B-00C04F79EFBC}") = "AppClientLayer", "AppClientLayer\AppClientLayer.csproj", "{980B44CA-7FCD-4CE1-B9DA-4CF9370D4F8B}"
EndProject
Global
	GlobalSection(SolutionConfigurationPlatforms) = preSolution
		Debug|Any CPU = Debug|Any CPU
		Release|Any CPU = Release|Any CPU
	EndGlobalSection
	GlobalSection(ProjectConfigurationPlatforms) = postSolution
		{46047431-3B6B-4BBE-9F03-D921816593C1}.Debug|Any CPU.ActiveCfg = Debug|Any CPU
		{46047431-3B6B-4BBE-9F03-D921816593C1}.Debug|Any CPU.Build.0 = Debug|Any CPU
		{46047431-3B6B-4BBE-9F03-D921816593C1}.Release|Any CPU.ActiveCfg = Release|Any CPU
		{46047431-3B6B-4BBE-9F03-D921816593C1}.Release|Any CPU.Build.0 = Release|Any CPU
		{600FCD33-44BF-4D15-B977-FF65756DDA6B}.Debug|Any CPU.ActiveCfg = Debug|Any CPU
		{600FCD33-44BF-4D15-B977-FF65756DDA6B}.Debug|Any CPU.Build.0 = Debug|Any CPU
		{600FCD33-44BF-4D15-B977-FF65756DDA6B}.Release|Any CPU.ActiveCfg = Release|Any CPU
		{600FCD33-44BF-4D15-B977-FF65756DDA6B}.Release|Any CPU.Build.0 = Release|Any CPU
		{980B44CA-7FCD-4CE1-B9DA-4CF9370D4F8B}.Debug|Any CPU.ActiveCfg = Debug|Any CPU
		{980B44CA-7FCD-4CE1-B9DA-4CF9370D4F8B}.Debug|Any CPU.Build.0 = Debug|Any CPU
		{980B44CA-7FCD-4CE1-B9DA-4CF9370D4F8B}.Release|Any CPU.ActiveCfg = Release|Any CPU
		{980B44CA-7FCD-4CE1-B9DA-4CF9370D4F8B}.Release|Any CPU.Build.0 = Release|Any CPU
	EndGlobalSection
	GlobalSection(SolutionProperties) = preSolution
		HideSolutionNode = FALSE
	EndGlobalSection
	GlobalSection(ExtensibilityGlobals) = postSolution
		SolutionGuid = {A082222A-8491-49E9-B198-10D0A88A9F4C}
	EndGlobalSection
EndGlobal
